# THIS IS AN AUTOGENERATED FILE. DO NOT EDIT THIS FILE DIRECTLY.
# yarn lockfile v1


"@esbuild/darwin-arm64@0.27.2":
  version "0.27.2"
  resolved "https://registry.npmjs.org/@esbuild/darwin-arm64/-/darwin-arm64-0.27.2.tgz"
  integrity sha512-davCD2Zc80nzDVRwXTcQP/28fiJbcOwvdolL0sOiOsbwBa72kegmVU0Wrh1MYrbuCL98Omp5dVhQFWRKR2ZAlg==

"@rollup/rollup-darwin-arm64@4.57.1":
  version "4.57.1"
  resolved "https://registry.npmjs.org/@rollup/rollup-darwin-arm64/-/rollup-darwin-arm64-4.57.1.tgz"
  integrity sha512-crNPrwJOrRxagUYeMn/DZwqN88SDmwaJ8Cvi/TN1HnWBU7GwknckyosC2gd0IqYRsHDEnXf328o9/HC6OkPgOg==

"@types/estree@1.0.8":
  version "1.0.8"
  resolved "https://registry.npmjs.org/@types/estree/-/estree-1.0.8.tgz"
  integrity sha512-dWHzHa2WqEXI/O1E9OjrocMTKJl2mSrEolh1Iomrv6U+JuNwaHXsXx9bLu5gG7BUWFIN0skIQJQ/L1rIex4X6w==

copy-anything@^2.0.1:
  version "2.0.6"
  resolved "https://registry.npmjs.org/copy-anything/-/copy-anything-2.0.6.tgz"
  integrity sha512-1j20GZTsvKNkc4BY3NpMOM8tt///wY3FpIzozTOFO2ffuZcV61nojHXVKIy3WM+7ADCy5FVhdZYHYDdgTU0yJw==
  dependencies:
    is-what "^3.14.1"

errno@^0.1.1:
  version "0.1.8"
  resolved "https://registry.npmjs.org/errno/-/errno-0.1.8.tgz"
  integrity sha512-dJ6oBr5SQ1VSd9qkk7ByRgb/1SH4JZjCHSW/mr63/QcXO9zLVxvJ6Oy13nio03rxpSnVDDjFor75SjVeZWPW/A==
  dependencies:
    prr "~1.0.1"

esbuild@^0.27.0:
  version "0.27.2"
  resolved "https://registry.npmjs.org/esbuild/-/esbuild-0.27.2.tgz"
  integrity sha512-HyNQImnsOC7X9PMNaCIeAm4ISCQXs5a5YasTXVliKv4uuBo1dKrG0A+uQS8M5eXjVMnLg3WgXaKvprHlFJQffw==
  optionalDependencies:
    "@esbuild/aix-ppc64" "0.27.2"
    "@esbuild/android-arm" "0.27.2"
    "@esbuild/android-arm64" "0.27.2"
    "@esbuild/android-x64" "0.27.2"
    "@esbuild/darwin-arm64" "0.27.2"
    "@esbuild/darwin-x64" "0.27.2"
    "@esbuild/freebsd-arm64" "0.27.2"
    "@esbuild/freebsd-x64" "0.27.2"
    "@esbuild/linux-arm" "0.27.2"
    "@esbuild/linux-arm64" "0.27.2"
    "@esbuild/linux-ia32" "0.27.2"
    "@esbuild/linux-loong64" "0.27.2"
    "@esbuild/linux-mips64el" "0.27.2"
    "@esbuild/linux-ppc64" "0.27.2"
    "@esbuild/linux-riscv64" "0.27.2"
    "@esbuild/linux-s390x" "0.27.2"
    "@esbuild/linux-x64" "0.27.2"
    "@esbuild/netbsd-arm64" "0.27.2"
    "@esbuild/netbsd-x64" "0.27.2"
    "@esbuild/openbsd-arm64" "0.27.2"
    "@esbuild/openbsd-x64" "0.27.2"
    "@esbuild/openharmony-arm64" "0.27.2"
    "@esbuild/sunos-x64" "0.27.2"
    "@esbuild/win32-arm64" "0.27.2"
    "@esbuild/win32-ia32" "0.27.2"
    "@esbuild/win32-x64" "0.27.2"

fdir@^6.5.0:
  version "6.5.0"
  resolved "https://registry.npmjs.org/fdir/-/fdir-6.5.0.tgz"
  integrity sha512-tIbYtZbucOs0BRGqPJkshJUYdL+SDH7dVM8gjy+ERp3WAUjLEFJE+02kanyHtwjWOnwrKYBiwAmM0p4kLJAnXg==

fsevents@~2.3.2, fsevents@~2.3.3:
  version "2.3.3"
  resolved "https://registry.npmjs.org/fsevents/-/fsevents-2.3.3.tgz"
  integrity sha512-5xoDfX+fL7faATnagmWPpbFtwh/R77WmMMqqHGS65C3vvB0YHrgF+B1YmZ3441tMj5n63k0212XNoJwzlhffQw==

graceful-fs@^4.1.2:
  version "4.2.11"
  resolved "https://registry.npmjs.org/graceful-fs/-/graceful-fs-4.2.11.tgz"
  integrity sha512-RbJ5/jmFcNNCcDV5o9eTnBLJ/HszWV0P73bc+Ff4nS/rJj+YaS6IGyiOL0VoBYX+l1Wrl3k63h/KrH+nhJ0XvQ==

gsap@^3.15.0:
  version "3.15.0"
  resolved "https://registry.npmjs.org/gsap/-/gsap-3.15.0.tgz"
  integrity sha512-dMW4CWBTUK1AEEDeZc1g4xpPGIrSf9fJF960qbTZmN/QwZIWY5wgliS6JWl9/25fpTGJrMRtSjGtOmPnfjZB+A==

iconv-lite@^0.6.3:
  version "0.6.3"
  resolved "https://registry.npmjs.org/iconv-lite/-/iconv-lite-0.6.3.tgz"
  integrity sha512-4fCk79wshMdzMp2rH06qWrJE4iolqLhCUH+OiuIgU++RB0+94NlDL81atO7GX55uUKueo0txHNtvEyI6D7WdMw==
  dependencies:
    safer-buffer ">= 2.1.2 < 3.0.0"

image-size@~0.5.0:
  version "0.5.5"
  resolved "https://registry.npmjs.org/image-size/-/image-size-0.5.5.tgz"
  integrity sha512-6TDAlDPZxUFCv+fuOkIoXT/V/f3Qbq8e37p+YOiYrUv3v9cc3/6x78VdfPgFVaB9dZYeLUfKgHRebpkm/oP2VQ==

is-what@^3.14.1:
  version "3.14.1"
  resolved "https://registry.npmjs.org/is-what/-/is-what-3.14.1.tgz"
  integrity sha512-sNxgpk9793nzSs7bA6JQJGeIuRBQhAaNGG77kzYQgMkrID+lS6SlK07K5LaptscDlSaIgH+GPFzf+d75FVxozA==

lenis@^1.3.23:
  version "1.3.23"
  resolved "https://registry.npmjs.org/lenis/-/lenis-1.3.23.tgz"
  integrity sha512-YxYq3TJqj9sJNv0V9SkyQHejt14xwyIwgDaaMK89Uf9SxQfIszu+gTQSSphh6BWlLTNVKvvXAGkg+Zf+oFIevg==

less@^4.0.0, less@^4.5.1:
  version "4.5.1"
  resolved "https://registry.npmjs.org/less/-/less-4.5.1.tgz"
  integrity sha512-UKgI3/KON4u6ngSsnDADsUERqhZknsVZbnuzlRZXLQCmfC/MDld42fTydUE9B+Mla1AL6SJ/Pp6SlEFi/AVGfw==
  dependencies:
    copy-anything "^2.0.1"
    parse-node-version "^1.0.1"
    tslib "^2.3.0"
  optionalDependencies:
    errno "^0.1.1"
    graceful-fs "^4.1.2"
    image-size "~0.5.0"
    make-dir "^2.1.0"
    mime "^1.4.1"
    needle "^3.1.0"
    source-map "~0.6.0"

make-dir@^2.1.0:
  version "2.1.0"
  resolved "https://registry.npmjs.org/make-dir/-/make-dir-2.1.0.tgz"
  integrity sha512-LS9X+dc8KLxXCb8dni79fLIIUA5VyZoyjSMCwTluaXA0o27cCK0bhXkpgw+sTXVpPy/lSO57ilRixqk0vDmtRA==
  dependencies:
    pify "^4.0.1"
    semver "^5.6.0"

mime@^1.4.1:
  version "1.6.0"
  resolved "https://registry.npmjs.org/mime/-/mime-1.6.0.tgz"
  integrity sha512-x0Vn8spI+wuJ1O6S7gnbaQg8Pxh4NNHb7KSINmEWKiPE4RKOplvijn+NkmYmmRgP68mc70j2EbeTFRsrswaQeg==

nanoid@^3.3.11:
  version "3.3.11"
  resolved "https://registry.npmjs.org/nanoid/-/nanoid-3.3.11.tgz"
  integrity sha512-N8SpfPUnUp1bK+PMYW8qSWdl9U+wwNWI4QKxOYDy9JAro3WMX7p2OeVRF9v+347pnakNevPmiHhNmZ2HbFA76w==

needle@^3.1.0:
  version "3.3.1"
  resolved "https://registry.npmjs.org/needle/-/needle-3.3.1.tgz"
  integrity sha512-6k0YULvhpw+RoLNiQCRKOl09Rv1dPLr8hHnVjHqdolKwDrdNyk+Hmrthi4lIGPPz3r39dLx0hsF5s40sZ3Us4Q==
  dependencies:
    iconv-lite "^0.6.3"
    sax "^1.2.4"

parse-node-version@^1.0.1:
  version "1.0.1"
  resolved "https://registry.npmjs.org/parse-node-version/-/parse-node-version-1.0.1.tgz"
  integrity sha512-3YHlOa/JgH6Mnpr05jP9eDG254US9ek25LyIxZlDItp2iJtwyaXQb57lBYLdT3MowkUFYEV2XXNAYIPlESvJlA==

picocolors@^1.1.1:
  version "1.1.1"
  resolved "https://registry.npmjs.org/picocolors/-/picocolors-1.1.1.tgz"
  integrity sha512-xceH2snhtb5M9liqDsmEw56le376mTZkEX/jEb/RxNFyegNul7eNslCXP9FDj/Lcu0X8KEyMceP2ntpaHrDEVA==

"picomatch@^3 || ^4", picomatch@^4.0.3:
  version "4.0.3"
  resolved "https://registry.npmjs.org/picomatch/-/picomatch-4.0.3.tgz"
  integrity sha512-5gTmgEY/sqK6gFXLIsQNH19lWb4ebPDLA4SdLP7dsWkIXHWlG66oPuVvXSGFPppYZz8ZDZq0dYYrbHfBCVUb1Q==

pify@^4.0.1:
  version "4.0.1"
  resolved "https://registry.npmjs.org/pify/-/pify-4.0.1.tgz"
  integrity sha512-uB80kBFb/tfd68bVleG9T5GGsGPjJrLAUpR5PZIrhBnIaRTQRjqdJSsIKkOP6OAIFbj7GOrcudc5pNjZ+geV2g==

postcss@^8.5.6:
  version "8.5.6"
  resolved "https://registry.npmjs.org/postcss/-/postcss-8.5.6.tgz"
  integrity sha512-3Ybi1tAuwAP9s0r1UQ2J4n5Y0G05bJkpUIO0/bI9MhwmD70S5aTWbXGBwxHrelT+XM1k6dM0pk+SwNkpTRN7Pg==
  dependencies:
    nanoid "^3.3.11"
    picocolors "^1.1.1"
    source-map-js "^1.2.1"

prr@~1.0.1:
  version "1.0.1"
  resolved "https://registry.npmjs.org/prr/-/prr-1.0.1.tgz"
  integrity sha512-yPw4Sng1gWghHQWj0B3ZggWUm4qVbPwPFcRG8KyxiU7J2OHFSoEHKS+EZ3fv5l1t9CyCiop6l/ZYeWbrgoQejw==

rollup@^4.43.0:
  version "4.57.1"
  resolved "https://registry.npmjs.org/rollup/-/rollup-4.57.1.tgz"
  integrity sha512-oQL6lgK3e2QZeQ7gcgIkS2YZPg5slw37hYufJ3edKlfQSGGm8ICoxswK15ntSzF/a8+h7ekRy7k7oWc3BQ7y8A==
  dependencies:
    "@types/estree" "1.0.8"
  optionalDependencies:
    "@rollup/rollup-android-arm-eabi" "4.57.1"
    "@rollup/rollup-android-arm64" "4.57.1"
    "@rollup/rollup-darwin-arm64" "4.57.1"
    "@rollup/rollup-darwin-x64" "4.57.1"
    "@rollup/rollup-freebsd-arm64" "4.57.1"
    "@rollup/rollup-freebsd-x64" "4.57.1"
    "@rollup/rollup-linux-arm-gnueabihf" "4.57.1"
    "@rollup/rollup-linux-arm-musleabihf" "4.57.1"
    "@rollup/rollup-linux-arm64-gnu" "4.57.1"
    "@rollup/rollup-linux-arm64-musl" "4.57.1"
    "@rollup/rollup-linux-loong64-gnu" "4.57.1"
    "@rollup/rollup-linux-loong64-musl" "4.57.1"
    "@rollup/rollup-linux-ppc64-gnu" "4.57.1"
    "@rollup/rollup-linux-ppc64-musl" "4.57.1"
    "@rollup/rollup-linux-riscv64-gnu" "4.57.1"
    "@rollup/rollup-linux-riscv64-musl" "4.57.1"
    "@rollup/rollup-linux-s390x-gnu" "4.57.1"
    "@rollup/rollup-linux-x64-gnu" "4.57.1"
    "@rollup/rollup-linux-x64-musl" "4.57.1"
    "@rollup/rollup-openbsd-x64" "4.57.1"
    "@rollup/rollup-openharmony-arm64" "4.57.1"
    "@rollup/rollup-win32-arm64-msvc" "4.57.1"
    "@rollup/rollup-win32-ia32-msvc" "4.57.1"
    "@rollup/rollup-win32-x64-gnu" "4.57.1"
    "@rollup/rollup-win32-x64-msvc" "4.57.1"
    fsevents "~2.3.2"

"safer-buffer@>= 2.1.2 < 3.0.0":
  version "2.1.2"
  resolved "https://registry.npmjs.org/safer-buffer/-/safer-buffer-2.1.2.tgz"
  integrity sha512-YZo3K82SD7Riyi0E1EQPojLz7kpepnSQI9IyPbHHg1XXXevb5dJI7tpyN2ADxGcQbHG7vcyRHk0cbwqcQriUtg==

sax@^1.2.4:
  version "1.4.4"
  resolved "https://registry.npmjs.org/sax/-/sax-1.4.4.tgz"
  integrity sha512-1n3r/tGXO6b6VXMdFT54SHzT9ytu9yr7TaELowdYpMqY/Ao7EnlQGmAQ1+RatX7Tkkdm6hONI2owqNx2aZj5Sw==

semver@^5.6.0:
  version "5.7.2"
  resolved "https://registry.npmjs.org/semver/-/semver-5.7.2.tgz"
  integrity sha512-cBznnQ9KjJqU67B52RMC65CMarK2600WFnbkcaiwWq3xy/5haFJlshgnpjovMVJ+Hff49d8GEn0b87C5pDQ10g==

source-map-js@^1.2.1:
  version "1.2.1"
  resolved "https://registry.npmjs.org/source-map-js/-/source-map-js-1.2.1.tgz"
  integrity sha512-UXWMKhLOwVKb728IUtQPXxfYU+usdybtUrK/8uGE8CQMvrhOpwvzDBwj0QhSL7MQc7vIsISBG8VQ8+IDQxpfQA==

source-map@~0.6.0:
  version "0.6.1"
  resolved "https://registry.npmjs.org/source-map/-/source-map-0.6.1.tgz"
  integrity sha512-UjgapumWlbMhkBgzT7Ykc5YXUT46F0iKu8SGXq0bcwP5dz/h0Plj6enJqjz1Zbq2l5WaqYnrVbwWOWMyF3F47g==

tinyglobby@^0.2.15:
  version "0.2.15"
  resolved "https://registry.npmjs.org/tinyglobby/-/tinyglobby-0.2.15.tgz"
  integrity sha512-j2Zq4NyQYG5XMST4cbs02Ak8iJUdxRM0XI5QyxXuZOzKOINmWurp3smXu3y5wDcJrptwpSjgXHzIQxR0omXljQ==
  dependencies:
    fdir "^6.5.0"
    picomatch "^4.0.3"

tslib@^2.3.0:
  version "2.8.1"
  resolved "https://registry.npmjs.org/tslib/-/tslib-2.8.1.tgz"
  integrity sha512-oJFu94HQb+KVduSUQL7wnpmqnfmLsOA/nAh6b6EH0wCEoK0/mPeXU6c3wKDV83MkOuHPRHtSXKKU99IBazS/2w==

typescript@~5.9.3:
  version "5.9.3"
  resolved "https://registry.npmjs.org/typescript/-/typescript-5.9.3.tgz"
  integrity sha512-jl1vZzPDinLr9eUt3J/t7V6FgNEw9QjvBPdysz9KfQDD41fQrC2Y4vKQdiaUpFT4bXlb1RHhLpp8wtm6M5TgSw==

vite@^7.2.4:
  version "7.3.1"
  resolved "https://registry.npmjs.org/vite/-/vite-7.3.1.tgz"
  integrity sha512-w+N7Hifpc3gRjZ63vYBXA56dvvRlNWRczTdmCBBa+CotUzAPf5b7YMdMR/8CQoeYE5LX3W4wj6RYTgonm1b9DA==
  dependencies:
    esbuild "^0.27.0"
    fdir "^6.5.0"
    picomatch "^4.0.3"
    postcss "^8.5.6"
    rollup "^4.43.0"
    tinyglobby "^0.2.15"
  optionalDependencies:
    fsevents "~2.3.3"
